
Microsoft Visual Studio Solution File, Format Version 12.00
# Visual Studio Version 17
VisualStudioVersion = 17.8.34408.163
MinimumVisualStudioVersion = 10.0.40219.1
Project("{9A19103F-16F7-4668-BE54-9A1E7A4F7556}") = "TombolaGame", "TombolaGame.csproj", "{BA2ABC88-98CE-4C2E-8F5D-856CEC93C2F7}"
EndProject
Project("{FAE04EC0-301F-11D3-BF4B-00C04F79EFBC}") = "TombolaGame.Tests", "..\TombolaGame.Tests\TombolaGame.Tests.csproj", "{4366B421-70DA-4CA0-B70B-87DB3C96261D}"
EndProject
Global
	GlobalSection(SolutionConfigurationPlatforms) = preSolution
		Debug|Any CPU = Debug|Any CPU
		Release|Any CPU = Release|Any CPU
	EndGlobalSection
	GlobalSection(ProjectConfigurationPlatforms) = postSolution
		{BA2ABC88-98CE-4C2E-8F5D-856CEC93C2F7}.Debug|Any CPU.ActiveCfg = Debug|Any CPU
		{BA2ABC88-98CE-4C2E-8F5D-856CEC93C2F7}.Debug|Any CPU.Build.0 = Debug|Any CPU
		{BA2ABC88-98CE-4C2E-8F5D-856CEC93C2F7}.Release|Any CPU.ActiveCfg = Release|Any CPU
		{BA2ABC88-98CE-4C2E-8F5D-856CEC93C2F7}.Release|Any CPU.Build.0 = Release|Any CPU
		{4366B421-70DA-4CA0-B70B-87DB3C96261D}.Debug|Any CPU.ActiveCfg = Debug|Any CPU
		{4366B421-70DA-4CA0-B70B-87DB3C96261D}.Debug|Any CPU.Build.0 = Debug|Any CPU
		{4366B421-70DA-4CA0-B70B-87DB3C96261D}.Release|Any CPU.ActiveCfg = Release|Any CPU
		{4366B421-70DA-4CA0-B70B-87DB3C96261D}.Release|Any CPU.Build.0 = Release|Any CPU
	EndGlobalSection
	GlobalSection(SolutionProperties) = preSolution
		HideSolutionNode = FALSE
	EndGlobalSection
	GlobalSection(ExtensibilityGlobals) = postSolution
		SolutionGuid = {83F1CD0B-7A17-4B98-9590-7810F27F1DBE}
	EndGlobalSection
EndGlobal
